
Microsoft Visual Studio Solution File, Format Version 12.00
# Visual Studio 15
VisualStudioVersion = 15.0.26730.8
MinimumVisualStudioVersion = 10.0.40219.1
Project("{FAE04EC0-301F-11D3-BF4B-00C04F79EFBC}") = "FakeSite", "FakeSite\FakeSite.csproj", "{C5AD6208-DF08-4976-ADFB-DA7EE2530C2C}"
EndProject
Project("{E53339B2-1760-4266-BCC7-CA923CBCF16C}") = "docker-compose", "docker-compose.dcproj", "{41167F66-B22D-40F6-987E-5717C0077557}"
EndProject
Global
	GlobalSection(SolutionConfigurationPlatforms) = preSolution
		Debug|Any CPU = Debug|Any CPU
		Release|Any CPU = Release|Any CPU
	EndGlobalSection
	GlobalSection(ProjectConfigurationPlatforms) = postSolution
		{C5AD6208-DF08-4976-ADFB-DA7EE2530C2C}.Debug|Any CPU.ActiveCfg = Debug|Any CPU
		{C5AD6208-DF08-4976-ADFB-DA7EE2530C2C}.Debug|Any CPU.Build.0 = Debug|Any CPU
		{C5AD6208-DF08-4976-ADFB-DA7EE2530C2C}.Release|Any CPU.ActiveCfg = Release|Any CPU
		{C5AD6208-DF08-4976-ADFB-DA7EE2530C2C}.Release|Any CPU.Build.0 = Release|Any CPU
		{41167F66-B22D-40F6-987E-5717C0077557}.Debug|Any CPU.ActiveCfg = Debug|Any CPU
		{41167F66-B22D-40F6-987E-5717C0077557}.Debug|Any CPU.Build.0 = Debug|Any CPU
		{41167F66-B22D-40F6-987E-5717C0077557}.Release|Any CPU.ActiveCfg = Release|Any CPU
		{41167F66-B22D-40F6-987E-5717C0077557}.Release|Any CPU.Build.0 = Release|Any CPU
	EndGlobalSection
	GlobalSection(SolutionProperties) = preSolution
		HideSolutionNode = FALSE
	EndGlobalSection
	GlobalSection(ExtensibilityGlobals) = postSolution
		SolutionGuid = {64F4DE81-09E1-4BFB-9301-48E88AB296F6}
	EndGlobalSection
EndGlobal
